
Microsoft Visual Studio Solution File, Format Version 12.00
# Visual Studio Version 16
VisualStudioVersion = 16.0.29806.167
MinimumVisualStudioVersion = 10.0.40219.1
Project("{FAE04EC0-301F-11D3-BF4B-00C04F79EFBC}") = "FYM", "FYM\FYM\FYM.csproj", "{13B15745-9945-4F89-95B9-C5704B16C151}"
EndProject
Project("{FAE04EC0-301F-11D3-BF4B-00C04F79EFBC}") = "FYM.Android", "FYM\FYM.Android\FYM.Android.csproj", "{821D500A-0B93-48DA-A3E9-2E1B6B238682}"
EndProject
Project("{FAE04EC0-301F-11D3-BF4B-00C04F79EFBC}") = "FYM.iOS", "FYM\FYM.iOS\FYM.iOS.csproj", "{7E37C564-A63F-404F-88AB-A961CA919E6A}"
EndProject
Global
	GlobalSection(SolutionConfigurationPlatforms) = preSolution
		Ad-Hoc|Any CPU = Ad-Hoc|Any CPU
		Ad-Hoc|iPhone = Ad-Hoc|iPhone
		Ad-Hoc|iPhoneSimulator = Ad-Hoc|iPhoneSimulator
		AppStore|Any CPU = AppStore|Any CPU
		AppStore|iPhone = AppStore|iPhone
		AppStore|iPhoneSimulator = AppStore|iPhoneSimulator
		Debug|Any CPU = Debug|Any CPU
		Debug|iPhone = Debug|iPhone
		Debug|iPhoneSimulator = Debug|iPhoneSimulator
		Release|Any CPU = Release|Any CPU
		Release|iPhone = Release|iPhone
		Release|iPhoneSimulator = Release|iPhoneSimulator
	EndGlobalSection
	GlobalSection(ProjectConfigurationPlatforms) = postSolution
		{13B15745-9945-4F89-95B9-C5704B16C151}.Ad-Hoc|Any CPU.ActiveCfg = Debug|Any CPU
		{13B15745-9945-4F89-95B9-C5704B16C151}.Ad-Hoc|Any CPU.Build.0 = Debug|Any CPU
		{13B15745-9945-4F89-95B9-C5704B16C151}.Ad-Hoc|iPhone.ActiveCfg = Debug|Any CPU
		{13B15745-9945-4F89-95B9-C5704B16C151}.Ad-Hoc|iPhone.Build.0 = Debug|Any CPU
		{13B15745-9945-4F89-95B9-C5704B16C151}.Ad-Hoc|iPhoneSimulator.ActiveCfg = Debug|Any CPU
		{13B15745-9945-4F89-95B9-C5704B16C151}.Ad-Hoc|iPhoneSimulator.Build.0 = Debug|Any CPU
		{13B15745-9945-4F89-95B9-C5704B16C151}.AppStore|Any CPU.ActiveCfg = Debug|Any CPU
		{13B15745-9945-4F89-95B9-C5704B16C151}.AppStore|Any CPU.Build.0 = Debug|Any CPU
		{13B15745-9945-4F89-95B9-C5704B16C151}.AppStore|iPhone.ActiveCfg = Debug|Any CPU
		{13B15745-9945-4F89-95B9-C5704B16C151}.AppStore|iPhone.Build.0 = Debug|Any CPU
		{13B15745-9945-4F89-95B9-C5704B16C151}.AppStore|iPhoneSimulator.ActiveCfg = Debug|Any CPU
		{13B15745-9945-4F89-95B9-C5704B16C151}.AppStore|iPhoneSimulator.Build.0 = Debug|Any CPU
		{13B15745-9945-4F89-95B9-C5704B16C151}.Debug|Any CPU.ActiveCfg = Debug|Any CPU
		{13B15745-9945-4F89-95B9-C5704B16C151}.Debug|Any CPU.Build.0 = Debug|Any CPU
		{13B15745-9945-4F89-95B9-C5704B16C151}.Debug|iPhone.ActiveCfg = Debug|Any CPU
		{13B15745-9945-4F89-95B9-C5704B16C151}.Debug|iPhone.Build.0 = Debug|Any CPU
		{13B15745-9945-4F89-95B9-C5704B16C151}.Debug|iPhoneSimulator.ActiveCfg = Debug|Any CPU
		{13B15745-9945-4F89-95B9-C5704B16C151}.Debug|iPhoneSimulator.Build.0 = Debug|Any CPU
		{13B15745-9945-4F89-95B9-C5704B16C151}.Release|Any CPU.ActiveCfg = Release|Any CPU
		{13B15745-9945-4F89-95B9-C5704B16C151}.Release|Any CPU.Build.0 = Release|Any CPU
		{13B15745-9945-4F89-95B9-C5704B16C151}.Release|iPhone.ActiveCfg = Release|Any CPU
		{13B15745-9945-4F89-95B9-C5704B16C151}.Release|iPhone.Build.0 = Release|Any CPU
		{13B15745-9945-4F89-95B9-C5704B16C151}.Release|iPhoneSimulator.ActiveCfg = Release|Any CPU
		{13B15745-9945-4F89-95B9-C5704B16C151}.Release|iPhoneSimulator.Build.0 = Release|Any CPU
		{821D500A-0B93-48DA-A3E9-2E1B6B238682}.Ad-Hoc|Any CPU.ActiveCfg = Release|Any CPU
		{821D500A-0B93-48DA-A3E9-2E1B6B238682}.Ad-Hoc|Any CPU.Build.0 = Release|Any CPU
		{821D500A-0B93-48DA-A3E9-2E1B6B238682}.Ad-Hoc|Any CPU.Deploy.0 = Release|Any CPU
		{821D500A-0B93-48DA-A3E9-2E1B6B238682}.Ad-Hoc|iPhone.ActiveCfg = Release|Any CPU
		{821D500A-0B93-48DA-A3E9-2E1B6B238682}.Ad-Hoc|iPhone.Build.0 = Release|Any CPU
		{821D500A-0B93-48DA-A3E9-2E1B6B238682}.Ad-Hoc|iPhone.Deploy.0 = Release|Any CPU
		{821D500A-0B93-48DA-A3E9-2E1B6B238682}.Ad-Hoc|iPhoneSimulator.ActiveCfg = Release|Any CPU
		{821D500A-0B93-48DA-A3E9-2E1B6B238682}.Ad-Hoc|iPhoneSimulator.Build.0 = Release|Any CPU
		{821D500A-0B93-48DA-A3E9-2E1B6B238682}.Ad-Hoc|iPhoneSimulator.Deploy.0 = Release|Any CPU
		{821D500A-0B93-48DA-A3E9-2E1B6B238682}.AppStore|Any CPU.ActiveCfg = Release|Any CPU
		{821D500A-0B93-48DA-A3E9-2E1B6B238682}.AppStore|Any CPU.Build.0 = Release|Any CPU
		{821D500A-0B93-48DA-A3E9-2E1B6B238682}.AppStore|Any CPU.Deploy.0 = Release|Any CPU
		{821D500A-0B93-48DA-A3E9-2E1B6B238682}.AppStore|iPhone.ActiveCfg = Release|Any CPU
		{821D500A-0B93-48DA-A3E9-2E1B6B238682}.AppStore|iPhone.Build.0 = Release|Any CPU
		{821D500A-0B93-48DA-A3E9-2E1B6B238682}.AppStore|iPhone.Deploy.0 = Release|Any CPU
		{821D500A-0B93-48DA-A3E9-2E1B6B238682}.AppStore|iPhoneSimulator.ActiveCfg = Release|Any CPU
		{821D500A-0B93-48DA-A3E9-2E1B6B238682}.AppStore|iPhoneSimulator.Build.0 = Release|Any CPU
		{821D500A-0B93-48DA-A3E9-2E1B6B238682}.AppStore|iPhoneSimulator.Deploy.0 = Release|Any CPU
		{821D500A-0B93-48DA-A3E9-2E1B6B238682}.Debug|Any CPU.ActiveCfg = Debug|Any CPU
		{821D500A-0B93-48DA-A3E9-2E1B6B238682}.Debug|Any CPU.Build.0 = Debug|Any CPU
		{821D500A-0B93-48DA-A3E9-2E1B6B238682}.Debug|Any CPU.Deploy.0 = Debug|Any CPU
		{821D500A-0B93-48DA-A3E9-2E1B6B238682}.Debug|iPhone.ActiveCfg = Debug|Any CPU
		{821D500A-0B93-48DA-A3E9-2E1B6B238682}.Debug|iPhone.Build.0 = Debug|Any CPU
		{821D500A-0B93-48DA-A3E9-2E1B6B238682}.Debug|iPhone.Deploy.0 = Debug|Any CPU
		{821D500A-0B93-48DA-A3E9-2E1B6B238682}.Debug|iPhoneSimulator.ActiveCfg = Debug|Any CPU
		{821D500A-0B93-48DA-A3E9-2E1B6B238682}.Debug|iPhoneSimulator.Build.0 = Debug|Any CPU
		{821D500A-0B93-48DA-A3E9-2E1B6B238682}.Debug|iPhoneSimulator.Deploy.0 = Debug|Any CPU
		{821D500A-0B93-48DA-A3E9-2E1B6B238682}.Release|Any CPU.ActiveCfg = Release|Any CPU
		{821D500A-0B93-48DA-A3E9-2E1B6B238682}.Release|Any CPU.Build.0 = Release|Any CPU
		{821D500A-0B93-48DA-A3E9-2E1B6B238682}.Release|Any CPU.Deploy.0 = Release|Any CPU
		{821D500A-0B93-48DA-A3E9-2E1B6B238682}.Release|iPhone.ActiveCfg = Release|Any CPU
		{821D500A-0B93-48DA-A3E9-2E1B6B238682}.Release|iPhone.Build.0 = Release|Any CPU
		{821D500A-0B93-48DA-A3E9-2E1B6B238682}.Release|iPhone.Deploy.0 = Release|Any CPU
		{821D500A-0B93-48DA-A3E9-2E1B6B238682}.Release|iPhoneSimulator.ActiveCfg = Release|Any CPU
		{821D500A-0B93-48DA-A3E9-2E1B6B238682}.Release|iPhoneSimulator.Build.0 = Release|Any CPU
		{821D500A-0B93-48DA-A3E9-2E1B6B238682}.Release|iPhoneSimulator.Deploy.0 = Release|Any CPU
		{7E37C564-A63F-404F-88AB-A961CA919E6A}.Ad-Hoc|Any CPU.ActiveCfg = Ad-Hoc|iPhone
		{7E37C564-A63F-404F-88AB-A961CA919E6A}.Ad-Hoc|iPhone.ActiveCfg = Ad-Hoc|iPhone
		{7E37C564-A63F-404F-88AB-A961CA919E6A}.Ad-Hoc|iPhone.Build.0 = Ad-Hoc|iPhone
		{7E37C564-A63F-404F-88AB-A961CA919E6A}.Ad-Hoc|iPhoneSimulator.ActiveCfg = Ad-Hoc|iPhoneSimulator
		{7E37C564-A63F-404F-88AB-A961CA919E6A}.Ad-Hoc|iPhoneSimulator.Build.0 = Ad-Hoc|iPhoneSimulator
		{7E37C564-A63F-404F-88AB-A961CA919E6A}.AppStore|Any CPU.ActiveCfg = AppStore|iPhone
		{7E37C564-A63F-404F-88AB-A961CA919E6A}.AppStore|iPhone.ActiveCfg = AppStore|iPhone
		{7E37C564-A63F-404F-88AB-A961CA919E6A}.AppStore|iPhone.Build.0 = AppStore|iPhone
		{7E37C564-A63F-404F-88AB-A961CA919E6A}.AppStore|iPhoneSimulator.ActiveCfg = AppStore|iPhoneSimulator
		{7E37C564-A63F-404F-88AB-A961CA919E6A}.AppStore|iPhoneSimulator.Build.0 = AppStore|iPhoneSimulator
		{7E37C564-A63F-404F-88AB-A961CA919E6A}.Debug|Any CPU.ActiveCfg = Debug|iPhone
		{7E37C564-A63F-404F-88AB-A961CA919E6A}.Debug|iPhone.ActiveCfg = Debug|iPhone
		{7E37C564-A63F-404F-88AB-A961CA919E6A}.Debug|iPhone.Build.0 = Debug|iPhone
		{7E37C564-A63F-404F-88AB-A961CA919E6A}.Debug|iPhoneSimulator.ActiveCfg = Debug|iPhoneSimulator
		{7E37C564-A63F-404F-88AB-A961CA919E6A}.Debug|iPhoneSimulator.Build.0 = Debug|iPhoneSimulator
		{7E37C564-A63F-404F-88AB-A961CA919E6A}.Release|Any CPU.ActiveCfg = Release|iPhone
		{7E37C564-A63F-404F-88AB-A961CA919E6A}.Release|iPhone.ActiveCfg = Release|iPhone
		{7E37C564-A63F-404F-88AB-A961CA919E6A}.Release|iPhone.Build.0 = Release|iPhone
		{7E37C564-A63F-404F-88AB-A961CA919E6A}.Release|iPhoneSimulator.ActiveCfg = Release|iPhoneSimulator
		{7E37C564-A63F-404F-88AB-A961CA919E6A}.Release|iPhoneSimulator.Build.0 = Release|iPhoneSimulator
	EndGlobalSection
	GlobalSection(SolutionProperties) = preSolution
		HideSolutionNode = FALSE
	EndGlobalSection
	GlobalSection(ExtensibilityGlobals) = postSolution
		SolutionGuid = {EBA70094-1EC9-4139-8479-D8E4CC6496FD}
	EndGlobalSection
EndGlobal
